
Microsoft Visual Studio Solution File, Format Version 12.00
# Visual Studio Version 17
VisualStudioVersion = 17.9.34701.34
MinimumVisualStudioVersion = 10.0.40219.1
Project("{FAE04EC0-301F-11D3-BF4B-00C04F79EFBC}") = "EmployeeManagementWaterLily", "EmployeeManagementWaterLily\EmployeeManagementWaterLily.csproj", "{0D808D62-B187-42D2-92A8-A13CD4AD5D69}"
EndProject
Global
	GlobalSection(SolutionConfigurationPlatforms) = preSolution
		Debug|Any CPU = Debug|Any CPU
		Release|Any CPU = Release|Any CPU
	EndGlobalSection
	GlobalSection(ProjectConfigurationPlatforms) = postSolution
		{0D808D62-B187-42D2-92A8-A13CD4AD5D69}.Debug|Any CPU.ActiveCfg = Debug|Any CPU
		{0D808D62-B187-42D2-92A8-A13CD4AD5D69}.Debug|Any CPU.Build.0 = Debug|Any CPU
		{0D808D62-B187-42D2-92A8-A13CD4AD5D69}.Release|Any CPU.ActiveCfg = Release|Any CPU
		{0D808D62-B187-42D2-92A8-A13CD4AD5D69}.Release|Any CPU.Build.0 = Release|Any CPU
	EndGlobalSection
	GlobalSection(SolutionProperties) = preSolution
		HideSolutionNode = FALSE
	EndGlobalSection
	GlobalSection(ExtensibilityGlobals) = postSolution
		SolutionGuid = {F70C069F-2835-4E26-8DE2-7F0699E899D5}
	EndGlobalSection
EndGlobal
